// !$*UTF8*$!
{
	archiveVersion = 1;
	classes = {
	};
	objectVersion = 52;
	objects = {

/* Begin PBXBuildFile section */
		F43A587426564C71009098ED /* SparrowKit in Frameworks */ = {isa = PBXBuildFile; productRef = F43A587326564C71009098ED /* SparrowKit */; };
		F43A587726564C7D009098ED /* SPDiffable in Frameworks */ = {isa = PBXBuildFile; productRef = F43A587626564C7D009098ED /* SPDiffable */; };
		F43A587A26564DF7009098ED /* SPAlert in Frameworks */ = {isa = PBXBuildFile; productRef = F43A587926564DF7009098ED /* SPAlert */; };
		F47E1E1A26564BB3008D901C /* AlertPresetModel.swift in Sources */ = {isa = PBXBuildFile; fileRef = F47E1E1226564BB3008D901C /* AlertPresetModel.swift */; };
		F47E1E1B26564BB3008D901C /* Assets.xcassets in Resources */ = {isa = PBXBuildFile; fileRef = F47E1E1426564BB3008D901C /* Assets.xcassets */; };
		F47E1E1C26564BB3008D901C /* LaunchScreen.storyboard in Resources */ = {isa = PBXBuildFile; fileRef = F47E1E1526564BB3008D901C /* LaunchScreen.storyboard */; };
		F47E1E1D26564BB3008D901C /* AppDelegate.swift in Sources */ = {isa = PBXBuildFile; fileRef = F47E1E1726564BB3008D901C /* AppDelegate.swift */; };
		F47E1E1E26564BB3008D901C /* PresetsController.swift in Sources */ = {isa = PBXBuildFile; fileRef = F47E1E1926564BB3008D901C /* PresetsController.swift */; };
/* End PBXBuildFile section */

/* Begin PBXFileReference section */
		F47E1DFA26564B6A008D901C /* iOS Example.app */ = {isa = PBXFileReference; explicitFileType = wrapper.application; includeInIndex = 0; path = "iOS Example.app"; sourceTree = BUILT_PRODUCTS_DIR; };
		F47E1E0B26564B6C008D901C /* Info.plist */ = {isa = PBXFileReference; lastKnownFileType = text.plist.xml; path = Info.plist; sourceTree = "<group>"; };
		F47E1E1226564BB3008D901C /* AlertPresetModel.swift */ = {isa = PBXFileReference; fileEncoding = 4; lastKnownFileType = sourcecode.swift; path = AlertPresetModel.swift; sourceTree = "<group>"; };
		F47E1E1426564BB3008D901C /* Assets.xcassets */ = {isa = PBXFileReference; lastKnownFileType = folder.assetcatalog; path = Assets.xcassets; sourceTree = "<group>"; };
		F47E1E1626564BB3008D901C /* Base */ = {isa = PBXFileReference; lastKnownFileType = file.storyboard; name = Base; path = Base.lproj/LaunchScreen.storyboard; sourceTree = "<group>"; };
		F47E1E1726564BB3008D901C /* AppDelegate.swift */ = {isa = PBXFileReference; fileEncoding = 4; lastKnownFileType = sourcecode.swift; path = AppDelegate.swift; sourceTree = "<group>"; };
		F47E1E1926564BB3008D901C /* PresetsController.swift */ = {isa = PBXFileReference; fileEncoding = 4; lastKnownFileType = sourcecode.swift; path = PresetsController.swift; sourceTree = "<group>"; };
		F482FBF42756A77100E40FDA /* SPAlert */ = {isa = PBXFileReference; lastKnownFileType = folder; name = SPAlert; path = ..; sourceTree = "<group>"; };
/* End PBXFileReference section */

/* Begin PBXFrameworksBuildPhase section */
		F47E1DF726564B6A008D901C /* Frameworks */ = {
			isa = PBXFrameworksBuildPhase;
			buildActionMask = 2147483647;
			files = (
				F43A587A26564DF7009098ED /* SPAlert in Frameworks */,
				F43A587726564C7D009098ED /* SPDiffable in Frameworks */,
				F43A587426564C71009098ED /* SparrowKit in Frameworks */,
			);
			runOnlyForDeploymentPostprocessing = 0;
		};
/* End PBXFrameworksBuildPhase section */

/* Begin PBXGroup section */
		F47E1DF126564B6A008D901C = {
			isa = PBXGroup;
			children = (
				F482FBF42756A77100E40FDA /* SPAlert */,
				F47E1DFC26564B6A008D901C /* iOS Example */,
				F47E1DFB26564B6A008D901C /* Products */,
			);
			sourceTree = "<group>";
		};
		F47E1DFB26564B6A008D901C /* Products */ = {
			isa = PBXGroup;
			children = (
				F47E1DFA26564B6A008D901C /* iOS Example.app */,
			);
			name = Products;
			sourceTree = "<group>";
		};
		F47E1DFC26564B6A008D901C /* iOS Example */ = {
			isa = PBXGroup;
			children = (
				F47E1E1326564BB3008D901C /* App */,
				F47E1E1826564BB3008D901C /* Controllers */,
				F47E1E1126564BB3008D901C /* Models */,
				F47E1E0B26564B6C008D901C /* Info.plist */,
			);
			path = "iOS Example";
			sourceTree = "<group>";
		};
		F47E1E1126564BB3008D901C /* Models */ = {
			isa = PBXGroup;
			children = (
				F47E1E1226564BB3008D901C /* AlertPresetModel.swift */,
			);
			path = Models;
			sourceTree = "<group>";
		};
		F47E1E1326564BB3008D901C /* App */ = {
			isa = PBXGroup;
			children = (
				F47E1E1726564BB3008D901C /* AppDelegate.swift */,
				F47E1E1426564BB3008D901C /* Assets.xcassets */,
				F47E1E1526564BB3008D901C /* LaunchScreen.storyboard */,
			);
			path = App;
			sourceTree = "<group>";
		};
		F47E1E1826564BB3008D901C /* Controllers */ = {
			isa = PBXGroup;
			children = (
				F47E1E1926564BB3008D901C /* PresetsController.swift */,
			);
			path = Controllers;
			sourceTree = "<group>";
		};
/* End PBXGroup section */

/* Begin PBXNativeTarget section */
		F47E1DF926564B6A008D901C /* iOS Example */ = {
			isa = PBXNativeTarget;
			buildConfigurationList = F47E1E0E26564B6C008D901C /* Build configuration list for PBXNativeTarget "iOS Example" */;
			buildPhases = (
				F47E1DF626564B6A008D901C /* Sources */,
				F47E1DF726564B6A008D901C /* Frameworks */,
				F47E1DF826564B6A008D901C /* Resources */,
			);
			buildRules = (
			);
			dependencies = (
			);
			name = "iOS Example";
			packageProductDependencies = (
				F43A587326564C71009098ED /* SparrowKit */,
				F43A587626564C7D009098ED /* SPDiffable */,
				F43A587926564DF7009098ED /* SPAlert */,
			);
			productName = SPAlert;
			productReference = F47E1DFA26564B6A008D901C /* iOS Example.app */;
			productType = "com.apple.product-type.application";
		};
/* End PBXNativeTarget section */

/* Begin PBXProject section */
		F47E1DF226564B6A008D901C /* Project object */ = {
			isa = PBXProject;
			attributes = {
				LastSwiftUpdateCheck = 1250;
				LastUpgradeCheck = 1250;
				TargetAttributes = {
					F47E1DF926564B6A008D901C = {
						CreatedOnToolsVersion = 12.5;
					};
				};
			};
			buildConfigurationList = F47E1DF526564B6A008D901C /* Build configuration list for PBXProject "SPAlert" */;
			compatibilityVersion = "Xcode 9.3";
			developmentRegion = en;
			hasScannedForEncodings = 0;
			knownRegions = (
				en,
				Base,
			);
			mainGroup = F47E1DF126564B6A008D901C;
			packageReferences = (
				F43A587226564C71009098ED /* XCRemoteSwiftPackageReference "SparrowKit" */,
				F43A587526564C7D009098ED /* XCRemoteSwiftPackageReference "SPDiffable" */,
			);
			productRefGroup = F47E1DFB26564B6A008D901C /* Products */;
			projectDirPath = "";
			projectRoot = "";
			targets = (
				F47E1DF926564B6A008D901C /* iOS Example */,
			);
		};
/* End PBXProject section */

/* Begin PBXResourcesBuildPhase section */
		F47E1DF826564B6A008D901C /* Resources */ = {
			isa = PBXResourcesBuildPhase;
			buildActionMask = 2147483647;
			files = (
				F47E1E1B26564BB3008D901C /* Assets.xcassets in Resources */,
				F47E1E1C26564BB3008D901C /* LaunchScreen.storyboard in Resources */,
			);
			runOnlyForDeploymentPostprocessing = 0;
		};
/* End PBXResourcesBuildPhase section */

/* Begin PBXSourcesBuildPhase section */
		F47E1DF626564B6A008D901C /* Sources */ = {
			isa = PBXSourcesBuildPhase;
			buildActionMask = 2147483647;
			files = (
				F47E1E1E26564BB3008D901C /* PresetsController.swift in Sources */,
				F47E1E1D26564BB3008D901C /* AppDelegate.swift in Sources */,
				F47E1E1A26564BB3008D901C /* AlertPresetModel.swift in Sources */,
			);
			runOnlyForDeploymentPostprocessing = 0;
		};
/* End PBXSourcesBuildPhase section */

/* Begin PBXVariantGroup section */
		F47E1E1526564BB3008D901C /* LaunchScreen.storyboard */ = {
			isa = PBXVariantGroup;
			children = (
				F47E1E1626564BB3008D901C /* Base */,
			);
			name = LaunchScreen.storyboard;
			sourceTree = "<group>";
		};
/* End PBXVariantGroup section */

/* Begin XCBuildConfiguration section */
		F47E1E0C26564B6C008D901C /* Debug */ = {
			isa = XCBuildConfiguration;
			buildSettings = {
				ALWAYS_SEARCH_USER_PATHS = NO;
				CLANG_ANALYZER_NONNULL = YES;
				CLANG_ANALYZER_NUMBER_OBJECT_CONVERSION = YES_AGGRESSIVE;
				CLANG_CXX_LANGUAGE_STANDARD = "gnu++14";
				CLANG_CXX_LIBRARY = "libc++";
				CLANG_ENABLE_MODULES = YES;
				CLANG_ENABLE_OBJC_ARC = YES;
				CLANG_ENABLE_OBJC_WEAK = YES;
				CLANG_WARN_BLOCK_CAPTURE_AUTORELEASING = YES;
				CLANG_WARN_BOOL_CONVERSION = YES;
				CLANG_WARN_COMMA = YES;
				CLANG_WARN_CONSTANT_CONVERSION = YES;
				CLANG_WARN_DEPRECATED_OBJC_IMPLEMENTATIONS = YES;
				CLANG_WARN_DIRECT_OBJC_ISA_USAGE = YES_ERROR;
				CLANG_WARN_DOCUMENTATION_COMMENTS = YES;
				CLANG_WARN_EMPTY_BODY = YES;
				CLANG_WARN_ENUM_CONVERSION = YES;
				CLANG_WARN_INFINITE_RECURSION = YES;
				CLANG_WARN_INT_CONVERSION = YES;
				CLANG_WARN_NON_LITERAL_NULL_CONVERSION = YES;
				CLANG_WARN_OBJC_IMPLICIT_RETAIN_SELF = YES;
				CLANG_WARN_OBJC_LITERAL_CONVERSION = YES;
				CLANG_WARN_OBJC_ROOT_CLASS = YES_ERROR;
				CLANG_WARN_QUOTED_INCLUDE_IN_FRAMEWORK_HEADER = YES;
				CLANG_WARN_RANGE_LOOP_ANALYSIS = YES;
				CLANG_WARN_STRICT_PROTOTYPES = YES;
				CLANG_WARN_SUSPICIOUS_MOVE = YES;
				CLANG_WARN_UNGUARDED_AVAILABILITY = YES_AGGRESSIVE;
				CLANG_WARN_UNREACHABLE_CODE = YES;
				CLANG_WARN__DUPLICATE_METHOD_MATCH = YES;
				COPY_PHASE_STRIP = NO;
				DEBUG_INFORMATION_FORMAT = dwarf;
				ENABLE_STRICT_OBJC_MSGSEND = YES;
				ENABLE_TESTABILITY = YES;
				GCC_C_LANGUAGE_STANDARD = gnu11;
				GCC_DYNAMIC_NO_PIC = NO;
				GCC_NO_COMMON_BLOCKS = YES;
				GCC_OPTIMIZATION_LEVEL = 0;
				GCC_PREPROCESSOR_DEFINITIONS = (
					"DEBUG=1",
					"$(inherited)",
				);
				GCC_WARN_64_TO_32_BIT_CONVERSION = YES;
				GCC_WARN_ABOUT_RETURN_TYPE = YES_ERROR;
				GCC_WARN_UNDECLARED_SELECTOR = YES;
				GCC_WARN_UNINITIALIZED_AUTOS = YES_AGGRESSIVE;
				GCC_WARN_UNUSED_FUNCTION = YES;
				GCC_WARN_UNUSED_VARIABLE = YES;
				IPHONEOS_DEPLOYMENT_TARGET = 14.5;
				MTL_ENABLE_DEBUG_INFO = INCLUDE_SOURCE;
				MTL_FAST_MATH = YES;
				ONLY_ACTIVE_ARCH = YES;
				SDKROOT = iphoneos;
				SWIFT_ACTIVE_COMPILATION_CONDITIONS = DEBUG;
				SWIFT_OPTIMIZATION_LEVEL = "-Onone";
			};
			name = Debug;
		};
		F47E1E0D26564B6C008D901C /* Release */ = {
			isa = XCBuildConfiguration;
			buildSettings = {
				ALWAYS_SEARCH_USER_PATHS = NO;
				CLANG_ANALYZER_NONNULL = YES;
				CLANG_ANALYZER_NUMBER_OBJECT_CONVERSION = YES_AGGRESSIVE;
				CLANG_CXX_LANGUAGE_STANDARD = "gnu++14";
				CLANG_CXX_LIBRARY = "libc++";
				CLANG_ENABLE_MODULES = YES;
				CLANG_ENABLE_OBJC_ARC = YES;
				CLANG_ENABLE_OBJC_WEAK = YES;
				CLANG_WARN_BLOCK_CAPTURE_AUTORELEASING = YES;
				CLANG_WARN_BOOL_CONVERSION = YES;
				CLANG_WARN_COMMA = YES;
				CLANG_WARN_CONSTANT_CONVERSION = YES;
				CLANG_WARN_DEPRECATED_OBJC_IMPLEMENTATIONS = YES;
				CLANG_WARN_DIRECT_OBJC_ISA_USAGE = YES_ERROR;
				CLANG_WARN_DOCUMENTATION_COMMENTS = YES;
				CLANG_WARN_EMPTY_BODY = YES;
				CLANG_WARN_ENUM_CONVERSION = YES;
				CLANG_WARN_INFINITE_RECURSION = YES;
				CLANG_WARN_INT_CONVERSION = YES;
				CLANG_WARN_NON_LITERAL_NULL_CONVERSION = YES;
				CLANG_WARN_OBJC_IMPLICIT_RETAIN_SELF = YES;
				CLANG_WARN_OBJC_LITERAL_CONVERSION = YES;
				CLANG_WARN_OBJC_ROOT_CLASS = YES_ERROR;
				CLANG_WARN_QUOTED_INCLUDE_IN_FRAMEWORK_HEADER = YES;
				CLANG_WARN_RANGE_LOOP_ANALYSIS = YES;
				CLANG_WARN_STRICT_PROTOTYPES = YES;
				CLANG_WARN_SUSPICIOUS_MOVE = YES;
				CLANG_WARN_UNGUARDED_AVAILABILITY = YES_AGGRESSIVE;
				CLANG_WARN_UNREACHABLE_CODE = YES;
				CLANG_WARN__DUPLICATE_METHOD_MATCH = YES;
				COPY_PHASE_STRIP = NO;
				DEBUG_INFORMATION_FORMAT = "dwarf-with-dsym";
				ENABLE_NS_ASSERTIONS = NO;
				ENABLE_STRICT_OBJC_MSGSEND = YES;
				GCC_C_LANGUAGE_STANDARD = gnu11;
				GCC_NO_COMMON_BLOCKS = YES;
				GCC_WARN_64_TO_32_BIT_CONVERSION = YES;
				GCC_WARN_ABOUT_RETURN_TYPE = YES_ERROR;
				GCC_WARN_UNDECLARED_SELECTOR = YES;
				GCC_WARN_UNINITIALIZED_AUTOS = YES_AGGRESSIVE;
				GCC_WARN_UNUSED_FUNCTION = YES;
				GCC_WARN_UNUSED_VARIABLE = YES;
				IPHONEOS_DEPLOYMENT_TARGET = 14.5;
				MTL_ENABLE_DEBUG_INFO = NO;
				MTL_FAST_MATH = YES;
				SDKROOT = iphoneos;
				SWIFT_COMPILATION_MODE = wholemodule;
				SWIFT_OPTIMIZATION_LEVEL = "-O";
				VALIDATE_PRODUCT = YES;
			};
			name = Release;
		};
		F47E1E0F26564B6C008D901C /* Debug */ = {
			isa = XCBuildConfiguration;
			buildSettings = {
				ASSETCATALOG_COMPILER_APPICON_NAME = AppIcon;
				ASSETCATALOG_COMPILER_GLOBAL_ACCENT_COLOR_NAME = "";
				CODE_SIGN_STYLE = Automatic;
				DEVELOPMENT_TEAM = T9Z76HLJ3T;
				INFOPLIST_FILE = "iOS Example/Info.plist";
				IPHONEOS_DEPLOYMENT_TARGET = 14.1;
				LD_RUNPATH_SEARCH_PATHS = (
					"$(inherited)",
					"@executable_path/Frameworks",
				);
				PRODUCT_BUNDLE_IDENTIFIER = by.ivanvorobei.opensource.spalert;
				PRODUCT_NAME = "$(TARGET_NAME)";
				SWIFT_VERSION = 5.0;
				TARGETED_DEVICE_FAMILY = "1,2";
			};
			name = Debug;
		};
		F47E1E1026564B6C008D901C /* Release */ = {
			isa = XCBuildConfiguration;
			buildSettings = {
				ASSETCATALOG_COMPILER_APPICON_NAME = AppIcon;
				ASSETCATALOG_COMPILER_GLOBAL_ACCENT_COLOR_NAME = "";
				CODE_SIGN_STYLE = Automatic;
				DEVELOPMENT_TEAM = T9Z76HLJ3T;
				INFOPLIST_FILE = "iOS Example/Info.plist";
				IPHONEOS_DEPLOYMENT_TARGET = 14.1;
				LD_RUNPATH_SEARCH_PATHS = (
					"$(inherited)",
					"@executable_path/Frameworks",
				);
				PRODUCT_BUNDLE_IDENTIFIER = by.ivanvorobei.opensource.spalert;
				PRODUCT_NAME = "$(TARGET_NAME)";
				SWIFT_VERSION = 5.0;
				TARGETED_DEVICE_FAMILY = "1,2";
			};
			name = Release;
		};
/* End XCBuildConfiguration section */

/* Begin XCConfigurationList section */
		F47E1DF526564B6A008D901C /* Build configuration list for PBXProject "SPAlert" */ = {
			isa = XCConfigurationList;
			buildConfigurations = (
				F47E1E0C26564B6C008D901C /* Debug */,
				F47E1E0D26564B6C008D901C /* Release */,
			);
			defaultConfigurationIsVisible = 0;
			defaultConfigurationName = Release;
		};
		F47E1E0E26564B6C008D901C /* Build configuration list for PBXNativeTarget "iOS Example" */ = {
			isa = XCConfigurationList;
			buildConfigurations = (
				F47E1E0F26564B6C008D901C /* Debug */,
				F47E1E1026564B6C008D901C /* Release */,
			);
			defaultConfigurationIsVisible = 0;
			defaultConfigurationName = Release;
		};
/* End XCConfigurationList section */

/* Begin XCRemoteSwiftPackageReference section */
		F43A587226564C71009098ED /* XCRemoteSwiftPackageReference "SparrowKit" */ = {
			isa = XCRemoteSwiftPackageReference;
			repositoryURL = "https://github.com/ivanvorobei/SparrowKit";
			requirement = {
				kind = upToNextMajorVersion;
				minimumVersion = 3.0.7;
			};
		};
		F43A587526564C7D009098ED /* XCRemoteSwiftPackageReference "SPDiffable" */ = {
			isa = XCRemoteSwiftPackageReference;
			repositoryURL = "https://github.com/ivanvorobei/SPDiffable";
			requirement = {
				kind = upToNextMajorVersion;
				minimumVersion = 1.2.2;
			};
		};
/* End XCRemoteSwiftPackageReference section */

/* Begin XCSwiftPackageProductDependency section */
		F43A587326564C71009098ED /* SparrowKit */ = {
			isa = XCSwiftPackageProductDependency;
			package = F43A587226564C71009098ED /* XCRemoteSwiftPackageReference "SparrowKit" */;
			productName = SparrowKit;
		};
		F43A587626564C7D009098ED /* SPDiffable */ = {
			isa = XCSwiftPackageProductDependency;
			package = F43A587526564C7D009098ED /* XCRemoteSwiftPackageReference "SPDiffable" */;
			productName = SPDiffable;
		};
		F43A587926564DF7009098ED /* SPAlert */ = {
			isa = XCSwiftPackageProductDependency;
			productName = SPAlert;
		};
/* End XCSwiftPackageProductDependency section */
	};
	rootObject = F47E1DF226564B6A008D901C /* Project object */;
}
