{
  "object": {
    "pins": [
      {
        "package": "SparrowKit",
        "repositoryURL": "https://github.com/ivanvorobei/SparrowKit",
        "state": {
          "branch": null,
          "revision": "ec3da50d713713d43b26a3e191f33f9930fd0e82",
          "version": "3.5.0"
        }
      },
      {
        "package": "SPDiffable",
        "repositoryURL": "https://github.com/ivanvorobei/SPDiffable",
        "state": {
          "branch": null,
          "revision": "d09a126517371bc34080d0f2dad70ffd724f862e",
          "version": "4.0.0"
        }
      }
    ]
  },
  "version": 1
}
